
Microsoft Visual Studio Solution File, Format Version 12.00
# Visual Studio Version 16
VisualStudioVersion = 16.0.31501.217
MinimumVisualStudioVersion = 10.0.40219.1
Project("{FAE04EC0-301F-11D3-BF4B-00C04F79EFBC}") = "HeyWorld", "HeyWorld.csproj", "{1C073A16-2D4D-4663-A252-D1F21497F22C}"
EndProject
Project("{9A19103F-16F7-4668-BE54-9A1E7A4F7556}") = "Bank", "..\ConsoleApp1\Bank.csproj", "{4AE4F993-F384-48B0-A02D-8749BF304044}"
EndProject
Project("{9A19103F-16F7-4668-BE54-9A1E7A4F7556}") = "Movie", "..\Movie\Movie.csproj", "{8A99A497-FFB0-4781-AB82-C3859BC1B42E}"
EndProject
Project("{9A19103F-16F7-4668-BE54-9A1E7A4F7556}") = "Hotel", "..\Hotel\Hotel.csproj", "{B7C8EAD2-EFC1-4D00-AF61-5281308A519F}"
EndProject
Project("{9A19103F-16F7-4668-BE54-9A1E7A4F7556}") = "OOps", "..\OOps\OOps.csproj", "{5D6DC905-E66C-492D-B33A-3660FE1C16F1}"
EndProject
Project("{9A19103F-16F7-4668-BE54-9A1E7A4F7556}") = "Library", "..\Library\Library.csproj", "{F30E96CA-6A66-4A9B-96A6-484262C1321A}"
EndProject
Project("{9A19103F-16F7-4668-BE54-9A1E7A4F7556}") = "ThreadDemo", "..\ThreadDemo\ThreadDemo.csproj", "{BE2A1E59-C23A-4009-8641-CB95709DAAEF}"
EndProject
Project("{FAE04EC0-301F-11D3-BF4B-00C04F79EFBC}") = "LinqDemo", "..\LinqDemo\LinqDemo.csproj", "{D5FBAC39-D0DF-409B-8B08-B24A36C24375}"
EndProject
Project("{FAE04EC0-301F-11D3-BF4B-00C04F79EFBC}") = "TaskPad", "..\TaskPad\TaskPad.csproj", "{D73872FA-1A43-435E-86C7-FBD69E0FA07B}"
EndProject
Global
	GlobalSection(SolutionConfigurationPlatforms) = preSolution
		Debug|Any CPU = Debug|Any CPU
		Release|Any CPU = Release|Any CPU
	EndGlobalSection
	GlobalSection(ProjectConfigurationPlatforms) = postSolution
		{1C073A16-2D4D-4663-A252-D1F21497F22C}.Debug|Any CPU.ActiveCfg = Debug|Any CPU
		{1C073A16-2D4D-4663-A252-D1F21497F22C}.Debug|Any CPU.Build.0 = Debug|Any CPU
		{1C073A16-2D4D-4663-A252-D1F21497F22C}.Release|Any CPU.ActiveCfg = Release|Any CPU
		{1C073A16-2D4D-4663-A252-D1F21497F22C}.Release|Any CPU.Build.0 = Release|Any CPU
		{4AE4F993-F384-48B0-A02D-8749BF304044}.Debug|Any CPU.ActiveCfg = Debug|Any CPU
		{4AE4F993-F384-48B0-A02D-8749BF304044}.Debug|Any CPU.Build.0 = Debug|Any CPU
		{4AE4F993-F384-48B0-A02D-8749BF304044}.Release|Any CPU.ActiveCfg = Release|Any CPU
		{4AE4F993-F384-48B0-A02D-8749BF304044}.Release|Any CPU.Build.0 = Release|Any CPU
		{8A99A497-FFB0-4781-AB82-C3859BC1B42E}.Debug|Any CPU.ActiveCfg = Debug|Any CPU
		{8A99A497-FFB0-4781-AB82-C3859BC1B42E}.Debug|Any CPU.Build.0 = Debug|Any CPU
		{8A99A497-FFB0-4781-AB82-C3859BC1B42E}.Release|Any CPU.ActiveCfg = Release|Any CPU
		{8A99A497-FFB0-4781-AB82-C3859BC1B42E}.Release|Any CPU.Build.0 = Release|Any CPU
		{B7C8EAD2-EFC1-4D00-AF61-5281308A519F}.Debug|Any CPU.ActiveCfg = Debug|Any CPU
		{B7C8EAD2-EFC1-4D00-AF61-5281308A519F}.Debug|Any CPU.Build.0 = Debug|Any CPU
		{B7C8EAD2-EFC1-4D00-AF61-5281308A519F}.Release|Any CPU.ActiveCfg = Release|Any CPU
		{B7C8EAD2-EFC1-4D00-AF61-5281308A519F}.Release|Any CPU.Build.0 = Release|Any CPU
		{5D6DC905-E66C-492D-B33A-3660FE1C16F1}.Debug|Any CPU.ActiveCfg = Debug|Any CPU
		{5D6DC905-E66C-492D-B33A-3660FE1C16F1}.Debug|Any CPU.Build.0 = Debug|Any CPU
		{5D6DC905-E66C-492D-B33A-3660FE1C16F1}.Release|Any CPU.ActiveCfg = Release|Any CPU
		{5D6DC905-E66C-492D-B33A-3660FE1C16F1}.Release|Any CPU.Build.0 = Release|Any CPU
		{F30E96CA-6A66-4A9B-96A6-484262C1321A}.Debug|Any CPU.ActiveCfg = Debug|Any CPU
		{F30E96CA-6A66-4A9B-96A6-484262C1321A}.Debug|Any CPU.Build.0 = Debug|Any CPU
		{F30E96CA-6A66-4A9B-96A6-484262C1321A}.Release|Any CPU.ActiveCfg = Release|Any CPU
		{F30E96CA-6A66-4A9B-96A6-484262C1321A}.Release|Any CPU.Build.0 = Release|Any CPU
		{BE2A1E59-C23A-4009-8641-CB95709DAAEF}.Debug|Any CPU.ActiveCfg = Debug|Any CPU
		{BE2A1E59-C23A-4009-8641-CB95709DAAEF}.Debug|Any CPU.Build.0 = Debug|Any CPU
		{BE2A1E59-C23A-4009-8641-CB95709DAAEF}.Release|Any CPU.ActiveCfg = Release|Any CPU
		{BE2A1E59-C23A-4009-8641-CB95709DAAEF}.Release|Any CPU.Build.0 = Release|Any CPU
		{D5FBAC39-D0DF-409B-8B08-B24A36C24375}.Debug|Any CPU.ActiveCfg = Debug|Any CPU
		{D5FBAC39-D0DF-409B-8B08-B24A36C24375}.Debug|Any CPU.Build.0 = Debug|Any CPU
		{D5FBAC39-D0DF-409B-8B08-B24A36C24375}.Release|Any CPU.ActiveCfg = Release|Any CPU
		{D5FBAC39-D0DF-409B-8B08-B24A36C24375}.Release|Any CPU.Build.0 = Release|Any CPU
		{D73872FA-1A43-435E-86C7-FBD69E0FA07B}.Debug|Any CPU.ActiveCfg = Debug|Any CPU
		{D73872FA-1A43-435E-86C7-FBD69E0FA07B}.Debug|Any CPU.Build.0 = Debug|Any CPU
		{D73872FA-1A43-435E-86C7-FBD69E0FA07B}.Release|Any CPU.ActiveCfg = Release|Any CPU
		{D73872FA-1A43-435E-86C7-FBD69E0FA07B}.Release|Any CPU.Build.0 = Release|Any CPU
	EndGlobalSection
	GlobalSection(SolutionProperties) = preSolution
		HideSolutionNode = FALSE
	EndGlobalSection
	GlobalSection(ExtensibilityGlobals) = postSolution
		SolutionGuid = {0E84CC47-76A0-484E-A3DA-E0E1E0E621A5}
	EndGlobalSection
EndGlobal
